
Microsoft Visual Studio Solution File, Format Version 12.00
# Visual Studio 2012
Project("{FAE04EC0-301F-11D3-BF4B-00C04F79EFBC}") = "Hexasphere", "Hexasphere\Hexasphere.csproj", "{F04F555D-6EB4-4D9D-90F2-64F7E103394B}"
EndProject
Global
	GlobalSection(SolutionConfigurationPlatforms) = preSolution
		Debug|Any CPU = Debug|Any CPU
		Release|Any CPU = Release|Any CPU
	EndGlobalSection
	GlobalSection(ProjectConfigurationPlatforms) = postSolution
		{F04F555D-6EB4-4D9D-90F2-64F7E103394B}.Debug|Any CPU.ActiveCfg = Debug|Any CPU
		{F04F555D-6EB4-4D9D-90F2-64F7E103394B}.Debug|Any CPU.Build.0 = Debug|Any CPU
		{F04F555D-6EB4-4D9D-90F2-64F7E103394B}.Release|Any CPU.ActiveCfg = Release|Any CPU
		{F04F555D-6EB4-4D9D-90F2-64F7E103394B}.Release|Any CPU.Build.0 = Release|Any CPU
	EndGlobalSection
EndGlobal
